
Microsoft Visual Studio Solution File, Format Version 11.00
# Visual Studio 2010
Project("{FAE04EC0-301F-11D3-BF4B-00C04F79EFBC}") = "NewAssembly", "NewAssembly.csproj", "{443728EE-C150-8FE2-7BEC-583D5560EFF3}"
EndProject
Project("{FAE04EC0-301F-11D3-BF4B-00C04F79EFBC}") = "SuperTiled2Unity", "SuperTiled2Unity.csproj", "{B7387974-7D0C-C4E9-4329-098672047821}"
EndProject
Project("{FAE04EC0-301F-11D3-BF4B-00C04F79EFBC}") = "Unity.PlayerPrefsEditor.Samples.SampleScene", "Unity.PlayerPrefsEditor.Samples.SampleScene.csproj", "{B59F74EE-EFFB-2755-7F64-180C5645749A}"
EndProject
Project("{FAE04EC0-301F-11D3-BF4B-00C04F79EFBC}") = "Assembly-CSharp", "Assembly-CSharp.csproj", "{92C05839-6A96-25B7-EF80-9236BE95633A}"
EndProject
Project("{FAE04EC0-301F-11D3-BF4B-00C04F79EFBC}") = "SuperTiled2UnityEditor", "SuperTiled2UnityEditor.csproj", "{A7E16BA7-D342-8C03-1179-9770579F8068}"
EndProject
Project("{FAE04EC0-301F-11D3-BF4B-00C04F79EFBC}") = "Assembly-CSharp-Editor", "Assembly-CSharp-Editor.csproj", "{5775B431-585D-001B-5541-BB74CE2A64AB}"
EndProject
Project("{FAE04EC0-301F-11D3-BF4B-00C04F79EFBC}") = "Unity.PlayerPrefsEditor.Editor", "Unity.PlayerPrefsEditor.Editor.csproj", "{EF763892-96C4-8F6D-7FBA-33548CFB95A6}"
EndProject
Project("{FAE04EC0-301F-11D3-BF4B-00C04F79EFBC}") = "Unity.PlayerPrefsEditor.EditorResources", "Unity.PlayerPrefsEditor.EditorResources.csproj", "{1E9A0543-A072-4B53-26FD-AEAAC3A79DF9}"
EndProject
Global
	GlobalSection(SolutionConfigurationPlatforms) = preSolution
		Debug|Any CPU = Debug|Any CPU
		Release|Any CPU = Release|Any CPU
	EndGlobalSection
	GlobalSection(ProjectConfigurationPlatforms) = postSolution
		{443728EE-C150-8FE2-7BEC-583D5560EFF3}.Debug|Any CPU.ActiveCfg = Debug|Any CPU
		{443728EE-C150-8FE2-7BEC-583D5560EFF3}.Debug|Any CPU.Build.0 = Debug|Any CPU
		{443728EE-C150-8FE2-7BEC-583D5560EFF3}.Release|Any CPU.ActiveCfg = Release|Any CPU
		{443728EE-C150-8FE2-7BEC-583D5560EFF3}.Release|Any CPU.Build.0 = Release|Any CPU
		{B7387974-7D0C-C4E9-4329-098672047821}.Debug|Any CPU.ActiveCfg = Debug|Any CPU
		{B7387974-7D0C-C4E9-4329-098672047821}.Debug|Any CPU.Build.0 = Debug|Any CPU
		{B7387974-7D0C-C4E9-4329-098672047821}.Release|Any CPU.ActiveCfg = Release|Any CPU
		{B7387974-7D0C-C4E9-4329-098672047821}.Release|Any CPU.Build.0 = Release|Any CPU
		{B59F74EE-EFFB-2755-7F64-180C5645749A}.Debug|Any CPU.ActiveCfg = Debug|Any CPU
		{B59F74EE-EFFB-2755-7F64-180C5645749A}.Debug|Any CPU.Build.0 = Debug|Any CPU
		{B59F74EE-EFFB-2755-7F64-180C5645749A}.Release|Any CPU.ActiveCfg = Release|Any CPU
		{B59F74EE-EFFB-2755-7F64-180C5645749A}.Release|Any CPU.Build.0 = Release|Any CPU
		{92C05839-6A96-25B7-EF80-9236BE95633A}.Debug|Any CPU.ActiveCfg = Debug|Any CPU
		{92C05839-6A96-25B7-EF80-9236BE95633A}.Debug|Any CPU.Build.0 = Debug|Any CPU
		{92C05839-6A96-25B7-EF80-9236BE95633A}.Release|Any CPU.ActiveCfg = Release|Any CPU
		{92C05839-6A96-25B7-EF80-9236BE95633A}.Release|Any CPU.Build.0 = Release|Any CPU
		{A7E16BA7-D342-8C03-1179-9770579F8068}.Debug|Any CPU.ActiveCfg = Debug|Any CPU
		{A7E16BA7-D342-8C03-1179-9770579F8068}.Debug|Any CPU.Build.0 = Debug|Any CPU
		{A7E16BA7-D342-8C03-1179-9770579F8068}.Release|Any CPU.ActiveCfg = Release|Any CPU
		{A7E16BA7-D342-8C03-1179-9770579F8068}.Release|Any CPU.Build.0 = Release|Any CPU
		{5775B431-585D-001B-5541-BB74CE2A64AB}.Debug|Any CPU.ActiveCfg = Debug|Any CPU
		{5775B431-585D-001B-5541-BB74CE2A64AB}.Debug|Any CPU.Build.0 = Debug|Any CPU
		{5775B431-585D-001B-5541-BB74CE2A64AB}.Release|Any CPU.ActiveCfg = Release|Any CPU
		{5775B431-585D-001B-5541-BB74CE2A64AB}.Release|Any CPU.Build.0 = Release|Any CPU
		{EF763892-96C4-8F6D-7FBA-33548CFB95A6}.Debug|Any CPU.ActiveCfg = Debug|Any CPU
		{EF763892-96C4-8F6D-7FBA-33548CFB95A6}.Debug|Any CPU.Build.0 = Debug|Any CPU
		{EF763892-96C4-8F6D-7FBA-33548CFB95A6}.Release|Any CPU.ActiveCfg = Release|Any CPU
		{EF763892-96C4-8F6D-7FBA-33548CFB95A6}.Release|Any CPU.Build.0 = Release|Any CPU
		{1E9A0543-A072-4B53-26FD-AEAAC3A79DF9}.Debug|Any CPU.ActiveCfg = Debug|Any CPU
		{1E9A0543-A072-4B53-26FD-AEAAC3A79DF9}.Debug|Any CPU.Build.0 = Debug|Any CPU
		{1E9A0543-A072-4B53-26FD-AEAAC3A79DF9}.Release|Any CPU.ActiveCfg = Release|Any CPU
		{1E9A0543-A072-4B53-26FD-AEAAC3A79DF9}.Release|Any CPU.Build.0 = Release|Any CPU
	EndGlobalSection
	GlobalSection(SolutionProperties) = preSolution
		HideSolutionNode = FALSE
	EndGlobalSection
EndGlobal
